<?xml version="1.0" encoding="utf-8"?>
<Project ToolsVersion="4.0" xmlns="http://schemas.microsoft.com/developer/msbuild/2003">
  <ItemGroup>
    <Filter Include="Source Files">
      <UniqueIdentifier>{4FC737F1-C7A5-4376-A066-2A32D752A2FF}</UniqueIdentifier>
      <Extensions>cpp;c;cc;cxx;def;odl;idl;hpj;bat;asm;asmx</Extensions>
    </Filter>
    <Filter Include="Header Files">
      <UniqueIdentifier>{93995380-89BD-4b04-88EB-625FBE52EBFB}</UniqueIdentifier>
      <Extensions>h;hh;hpp;hxx;hm;inl;inc;ipp;xsd</Extensions>
    </Filter>
    <Filter Include="Resource Files">
      <UniqueIdentifier>{67DA6AB6-F800-4c08-8B7A-83BB121AAD01}</UniqueIdentifier>
      <Extensions>rc;ico;cur;bmp;dlg;rc2;rct;bin;rgs;gif;jpg;jpeg;jpe;resx;tiff;tif;png;wav;mfcribbon-ms</Extensions>
    </Filter>
    <Filter Include="Source Files\glUtils">
      <UniqueIdentifier>{4e2d4c34-6f70-41ea-87e3-74be7d2da66a}</UniqueIdentifier>
    </Filter>
    <Filter Include="Source Files\chess">
      <UniqueIdentifier>{a264e446-2ffe-4c96-8faa-9c3e3d2cb79d}</UniqueIdentifier>
    </Filter>
    <Filter Include="Source Files\game">
      <UniqueIdentifier>{42a810fc-d9f0-444e-8087-0c52b8472736}</UniqueIdentifier>
    </Filter>
  </ItemGroup>
  <ItemGroup>
    <ClCompile Include="src\main.cpp">
      <Filter>Source Files</Filter>
    </ClCompile>
    <ClCompile Include="src\glUtils\imageloader.cpp">
      <Filter>Source Files\glUtils</Filter>
    </ClCompile>
    <ClCompile Include="src\chess\ChessPiece.cpp">
      <Filter>Source Files\chess</Filter>
    </ClCompile>
    <ClCompile Include="src\chess\ChessBoard.cpp">
      <Filter>Source Files\chess</Filter>
    </ClCompile>
    <ClCompile Include="src\game\ChessGame.cpp">
      <Filter>Source Files\game</Filter>
    </ClCompile>
  </ItemGroup>
  <ItemGroup>
    <Image Include="assets\alfilb.bmp">
      <Filter>Resource Files</Filter>
    </Image>
    <Image Include="assets\alfiln.bmp">
      <Filter>Resource Files</Filter>
    </Image>
    <Image Include="assets\caballob.bmp">
      <Filter>Resource Files</Filter>
    </Image>
    <Image Include="assets\caballon.bmp">
      <Filter>Resource Files</Filter>
    </Image>
    <Image Include="assets\peonb.bmp">
      <Filter>Resource Files</Filter>
    </Image>
    <Image Include="assets\peonn.bmp">
      <Filter>Resource Files</Filter>
    </Image>
    <Image Include="assets\reinab.bmp">
      <Filter>Resource Files</Filter>
    </Image>
    <Image Include="assets\reinan.bmp">
      <Filter>Resource Files</Filter>
    </Image>
    <Image Include="assets\reyb.bmp">
      <Filter>Resource Files</Filter>
    </Image>
    <Image Include="assets\reyn.bmp">
      <Filter>Resource Files</Filter>
    </Image>
    <Image Include="assets\torreb.bmp">
      <Filter>Resource Files</Filter>
    </Image>
    <Image Include="assets\torren.bmp">
      <Filter>Resource Files</Filter>
    </Image>
    <Image Include="assets\vtr2.bmp">
      <Filter>Resource Files</Filter>
    </Image>
  </ItemGroup>
  <ItemGroup>
    <ClInclude Include="src\glUtils\imageloader.h">
      <Filter>Source Files\glUtils</Filter>
    </ClInclude>
    <ClInclude Include="src\chess\BaseItem.h">
      <Filter>Source Files\chess</Filter>
    </ClInclude>
    <ClInclude Include="src\chess\ChessPiece.h">
      <Filter>Source Files\chess</Filter>
    </ClInclude>
    <ClInclude Include="src\chess\ChessBoard.h">
      <Filter>Source Files\chess</Filter>
    </ClInclude>
    <ClInclude Include="src\game\ChessGame.h">
      <Filter>Source Files\game</Filter>
    </ClInclude>
  </ItemGroup>
</Project>